
Microsoft Visual Studio Solution File, Format Version 12.00
# Visual Studio 14
VisualStudioVersion = 14.0.25420.1
MinimumVisualStudioVersion = 10.0.40219.1
Project("{FAE04EC0-301F-11D3-BF4B-00C04F79EFBC}") = "StudyDAL", "StudyDAL\StudyDAL.csproj", "{087164A4-CAB6-40FA-926A-1007956F47F5}"
EndProject
Project("{FAE04EC0-301F-11D3-BF4B-00C04F79EFBC}") = "StudyConsoleTest", "StudyConsoleTest\StudyConsoleTest.csproj", "{C2243CF8-3A44-4916-97A3-75F5FE5C7413}"
EndProject
Global
	GlobalSection(SolutionConfigurationPlatforms) = preSolution
		Debug|Any CPU = Debug|Any CPU
		Release|Any CPU = Release|Any CPU
	EndGlobalSection
	GlobalSection(ProjectConfigurationPlatforms) = postSolution
		{087164A4-CAB6-40FA-926A-1007956F47F5}.Debug|Any CPU.ActiveCfg = Debug|Any CPU
		{087164A4-CAB6-40FA-926A-1007956F47F5}.Debug|Any CPU.Build.0 = Debug|Any CPU
		{087164A4-CAB6-40FA-926A-1007956F47F5}.Release|Any CPU.ActiveCfg = Release|Any CPU
		{087164A4-CAB6-40FA-926A-1007956F47F5}.Release|Any CPU.Build.0 = Release|Any CPU
		{C2243CF8-3A44-4916-97A3-75F5FE5C7413}.Debug|Any CPU.ActiveCfg = Debug|Any CPU
		{C2243CF8-3A44-4916-97A3-75F5FE5C7413}.Debug|Any CPU.Build.0 = Debug|Any CPU
		{C2243CF8-3A44-4916-97A3-75F5FE5C7413}.Release|Any CPU.ActiveCfg = Release|Any CPU
		{C2243CF8-3A44-4916-97A3-75F5FE5C7413}.Release|Any CPU.Build.0 = Release|Any CPU
	EndGlobalSection
	GlobalSection(SolutionProperties) = preSolution
		HideSolutionNode = FALSE
	EndGlobalSection
EndGlobal
